
Microsoft Visual Studio Solution File, Format Version 12.00
# Visual Studio Version 17
VisualStudioVersion = 17.3.32929.385
MinimumVisualStudioVersion = 10.0.40219.1
Project("{FAE04EC0-301F-11D3-BF4B-00C04F79EFBC}") = "RAA_Orientation", "RAA_Orientation\RAA_Orientation.csproj", "{479C1156-BC43-48BC-811E-5E43E19CB438}"
EndProject
Global
	GlobalSection(SolutionConfigurationPlatforms) = preSolution
		Debug|Any CPU = Debug|Any CPU
		Release|Any CPU = Release|Any CPU
	EndGlobalSection
	GlobalSection(ProjectConfigurationPlatforms) = postSolution
		{479C1156-BC43-48BC-811E-5E43E19CB438}.Debug|Any CPU.ActiveCfg = Debug|Any CPU
		{479C1156-BC43-48BC-811E-5E43E19CB438}.Debug|Any CPU.Build.0 = Debug|Any CPU
		{479C1156-BC43-48BC-811E-5E43E19CB438}.Release|Any CPU.ActiveCfg = Release|Any CPU
		{479C1156-BC43-48BC-811E-5E43E19CB438}.Release|Any CPU.Build.0 = Release|Any CPU
	EndGlobalSection
	GlobalSection(SolutionProperties) = preSolution
		HideSolutionNode = FALSE
	EndGlobalSection
	GlobalSection(ExtensibilityGlobals) = postSolution
		SolutionGuid = {0E34513B-4A90-4A90-ACD1-2A39373D219A}
	EndGlobalSection
EndGlobal
